Microsoft Visual Studio Solution File, Format Version 11.00
# Visual Studio 2008

Project("{FCC77349-5E62-91F7-B374-9E4F09B5C668}") = "Spell It", "Assembly-CSharp.csproj", "{0FA469A5-989A-E37E-F92B-965BBCA72997}"
EndProject
Global
	GlobalSection(SolutionConfigurationPlatforms) = preSolution
		Debug|Any CPU = Debug|Any CPU
		Release|Any CPU = Release|Any CPU
	EndGlobalSection
	GlobalSection(ProjectConfigurationPlatforms) = postSolution
		{0FA469A5-989A-E37E-F92B-965BBCA72997}.Debug|Any CPU.ActiveCfg = Debug|Any CPU
		{0FA469A5-989A-E37E-F92B-965BBCA72997}.Debug|Any CPU.Build.0 = Debug|Any CPU
		{0FA469A5-989A-E37E-F92B-965BBCA72997}.Release|Any CPU.ActiveCfg = Release|Any CPU
		{0FA469A5-989A-E37E-F92B-965BBCA72997}.Release|Any CPU.Build.0 = Release|Any CPU
	EndGlobalSection
	GlobalSection(SolutionProperties) = preSolution
		HideSolutionNode = FALSE
	EndGlobalSection
	GlobalSection(MonoDevelopProperties) = preSolution
		StartupItem = Assembly-CSharp.csproj
	EndGlobalSection
EndGlobal
